{
  "name": "nodedir",
  "version": "0.0.1",
  "lockfileVersion": 2,
  "requires": true,
  "packages": {
    "": {
      "name": "nodedir",
      "version": "0.0.1",
      "license": "GPL-3.0",
      "dependencies": {
        "ts-extend": "^0.1.5"
      },
      "devDependencies": {
        "@types/node": "^18.0.0",
        "esbuild": "^0.14.47",
        "tslib": "^2.4.0",
        "typescript": "^4.7.3"
      }
    },
    "node_modules/@types/node": {
      "version": "18.0.0",
      "resolved": "https://registry.npmjs.org/@types/node/-/node-18.0.0.tgz",
      "integrity": "sha512-cHlGmko4gWLVI27cGJntjs/Sj8th9aYwplmZFwmmgYQQvL5NUsgVJG7OddLvNfLqYS31KFN0s3qlaD9qCaxACA==",
      "dev": true,
      "license": "MIT"
    },
    "node_modules/esbuild": {
      "version": "0.14.47",
      "resolved": "https://registry.npmjs.org/esbuild/-/esbuild-0.14.47.tgz",
      "integrity": "sha512-wI4ZiIfFxpkuxB8ju4MHrGwGLyp1+awEHAHVpx6w7a+1pmYIq8T9FGEVVwFo0iFierDoMj++Xq69GXWYn2EiwA==",
      "dev": true,
      "hasInstallScript": true,
      "license": "MIT",
      "bin": {
        "esbuild": "bin/esbuild"
      },
      "engines": {
        "node": ">=12"
      },
      "optionalDependencies": {
        "esbuild-android-64": "0.14.47",
        "esbuild-android-arm64": "0.14.47",
        "esbuild-darwin-64": "0.14.47",
        "esbuild-darwin-arm64": "0.14.47",
        "esbuild-freebsd-64": "0.14.47",
        "esbuild-freebsd-arm64": "0.14.47",
        "esbuild-linux-32": "0.14.47",
        "esbuild-linux-64": "0.14.47",
        "esbuild-linux-arm": "0.14.47",
        "esbuild-linux-arm64": "0.14.47",
        "esbuild-linux-mips64le": "0.14.47",
        "esbuild-linux-ppc64le": "0.14.47",
        "esbuild-linux-riscv64": "0.14.47",
        "esbuild-linux-s390x": "0.14.47",
        "esbuild-netbsd-64": "0.14.47",
        "esbuild-openbsd-64": "0.14.47",
        "esbuild-sunos-64": "0.14.47",
        "esbuild-windows-32": "0.14.47",
        "esbuild-windows-64": "0.14.47",
        "esbuild-windows-arm64": "0.14.47"
      }
    },
    "node_modules/esbuild-windows-64": {
      "version": "0.14.47",
      "resolved": "https://registry.npmjs.org/esbuild-windows-64/-/esbuild-windows-64-0.14.47.tgz",
      "integrity": "sha512-/Pk5jIEH34T68r8PweKRi77W49KwanZ8X6lr3vDAtOlH5EumPE4pBHqkCUdELanvsT14yMXLQ/C/8XPi1pAtkQ==",
      "cpu": [
        "x64"
      ],
      "dev": true,
      "license": "MIT",
      "optional": true,
      "os": [
        "win32"
      ],
      "engines": {
        "node": ">=12"
      }
    },
    "node_modules/ts-extend": {
      "version": "0.1.5",
      "resolved": "https://registry.npmjs.org/ts-extend/-/ts-extend-0.1.5.tgz",
      "integrity": "sha512-74LCM59qcUvTVHFOwBy3tPFwa06rVTmND4rAGqiB5jsUTI620sANiZQRTGpQO+LPRgIg/LKKsJZ65bTlpn0z2A==",
      "license": "GPL-3.0"
    },
    "node_modules/tslib": {
      "version": "2.4.0",
      "resolved": "https://registry.npmjs.org/tslib/-/tslib-2.4.0.tgz",
      "integrity": "sha512-d6xOpEDfsi2CZVlPQzGeux8XMwLT9hssAsaPYExaQMuYskwb+x1x7J371tWlbBdWHroy99KnVB6qIkUbs5X3UQ==",
      "dev": true
    },
    "node_modules/typescript": {
      "version": "4.7.3",
      "resolved": "https://registry.npmjs.org/typescript/-/typescript-4.7.3.tgz",
      "integrity": "sha512-WOkT3XYvrpXx4vMMqlD+8R8R37fZkjyLGlxavMc4iB8lrl8L0DeTcHbYgw/v0N/z9wAFsgBhcsF0ruoySS22mA==",
      "dev": true,
      "license": "Apache-2.0",
      "bin": {
        "tsc": "bin/tsc",
        "tsserver": "bin/tsserver"
      },
      "engines": {
        "node": ">=4.2.0"
      }
    }
  },
  "dependencies": {
    "@types/node": {
      "version": "18.0.0",
      "resolved": "https://registry.npmjs.org/@types/node/-/node-18.0.0.tgz",
      "integrity": "sha512-cHlGmko4gWLVI27cGJntjs/Sj8th9aYwplmZFwmmgYQQvL5NUsgVJG7OddLvNfLqYS31KFN0s3qlaD9qCaxACA==",
      "dev": true
    },
    "esbuild": {
      "version": "0.14.47",
      "resolved": "https://registry.npmjs.org/esbuild/-/esbuild-0.14.47.tgz",
      "integrity": "sha512-wI4ZiIfFxpkuxB8ju4MHrGwGLyp1+awEHAHVpx6w7a+1pmYIq8T9FGEVVwFo0iFierDoMj++Xq69GXWYn2EiwA==",
      "dev": true,
      "requires": {
        "esbuild-android-64": "0.14.47",
        "esbuild-android-arm64": "0.14.47",
        "esbuild-darwin-64": "0.14.47",
        "esbuild-darwin-arm64": "0.14.47",
        "esbuild-freebsd-64": "0.14.47",
        "esbuild-freebsd-arm64": "0.14.47",
        "esbuild-linux-32": "0.14.47",
        "esbuild-linux-64": "0.14.47",
        "esbuild-linux-arm": "0.14.47",
        "esbuild-linux-arm64": "0.14.47",
        "esbuild-linux-mips64le": "0.14.47",
        "esbuild-linux-ppc64le": "0.14.47",
        "esbuild-linux-riscv64": "0.14.47",
        "esbuild-linux-s390x": "0.14.47",
        "esbuild-netbsd-64": "0.14.47",
        "esbuild-openbsd-64": "0.14.47",
        "esbuild-sunos-64": "0.14.47",
        "esbuild-windows-32": "0.14.47",
        "esbuild-windows-64": "0.14.47",
        "esbuild-windows-arm64": "0.14.47"
      }
    },
    "esbuild-windows-64": {
      "version": "0.14.47",
      "resolved": "https://registry.npmjs.org/esbuild-windows-64/-/esbuild-windows-64-0.14.47.tgz",
      "integrity": "sha512-/Pk5jIEH34T68r8PweKRi77W49KwanZ8X6lr3vDAtOlH5EumPE4pBHqkCUdELanvsT14yMXLQ/C/8XPi1pAtkQ==",
      "dev": true,
      "optional": true
    },
    "ts-extend": {
      "version": "0.1.5",
      "resolved": "https://registry.npmjs.org/ts-extend/-/ts-extend-0.1.5.tgz",
      "integrity": "sha512-74LCM59qcUvTVHFOwBy3tPFwa06rVTmND4rAGqiB5jsUTI620sANiZQRTGpQO+LPRgIg/LKKsJZ65bTlpn0z2A=="
    },
    "tslib": {
      "version": "2.4.0",
      "resolved": "https://registry.npmjs.org/tslib/-/tslib-2.4.0.tgz",
      "integrity": "sha512-d6xOpEDfsi2CZVlPQzGeux8XMwLT9hssAsaPYExaQMuYskwb+x1x7J371tWlbBdWHroy99KnVB6qIkUbs5X3UQ==",
      "dev": true
    },
    "typescript": {
      "version": "4.7.3",
      "resolved": "https://registry.npmjs.org/typescript/-/typescript-4.7.3.tgz",
      "integrity": "sha512-WOkT3XYvrpXx4vMMqlD+8R8R37fZkjyLGlxavMc4iB8lrl8L0DeTcHbYgw/v0N/z9wAFsgBhcsF0ruoySS22mA==",
      "dev": true
    }
  }
}
